// !$*UTF8*$!
{
	archiveVersion = 1;
	classes = {
	};
	objectVersion = 46;
	objects = {

/* Begin PBXBuildFile section */
		630E2C7D1AE3298A0026EB08 /* MovieDetailsViewController.swift in Sources */ = {isa = PBXBuildFile; fileRef = 630E2C7C1AE3298A0026EB08 /* MovieDetailsViewController.swift */; };
		636E46861AE30C32004FBA42 /* AppDelegate.swift in Sources */ = {isa = PBXBuildFile; fileRef = 636E46851AE30C32004FBA42 /* AppDelegate.swift */; };
		636E468B1AE30C32004FBA42 /* Main.storyboard in Resources */ = {isa = PBXBuildFile; fileRef = 636E46891AE30C32004FBA42 /* Main.storyboard */; };
		636E468D1AE30C32004FBA42 /* Images.xcassets in Resources */ = {isa = PBXBuildFile; fileRef = 636E468C1AE30C32004FBA42 /* Images.xcassets */; };
		636E46901AE30C32004FBA42 /* LaunchScreen.xib in Resources */ = {isa = PBXBuildFile; fileRef = 636E468E1AE30C32004FBA42 /* LaunchScreen.xib */; };
		636E469C1AE30C32004FBA42 /* rottenTomatoesTests.swift in Sources */ = {isa = PBXBuildFile; fileRef = 636E469B1AE30C32004FBA42 /* rottenTomatoesTests.swift */; };
		636E46A61AE30CA4004FBA42 /* MoviesViewController.swift in Sources */ = {isa = PBXBuildFile; fileRef = 636E46A51AE30CA4004FBA42 /* MoviesViewController.swift */; };
		636E46AA1AE31B78004FBA42 /* MovieCell.swift in Sources */ = {isa = PBXBuildFile; fileRef = 636E46A91AE31B78004FBA42 /* MovieCell.swift */; };
		B5ADAA2070903A30C5A0EB4D /* libPods-rottenTomatoes.a in Frameworks */ = {isa = PBXBuildFile; fileRef = 8BA1CDDE9980DCF1F20B3498 /* libPods-rottenTomatoes.a */; };
/* End PBXBuildFile section */

/* Begin PBXContainerItemProxy section */
		636E46961AE30C32004FBA42 /* PBXContainerItemProxy */ = {
			isa = PBXContainerItemProxy;
			containerPortal = 636E46781AE30C32004FBA42 /* Project object */;
			proxyType = 1;
			remoteGlobalIDString = 636E467F1AE30C32004FBA42;
			remoteInfo = rottenTomatoes;
		};
/* End PBXContainerItemProxy section */

/* Begin PBXFileReference section */
		630E2C791AE324990026EB08 /* rottenTomatoes-Bridging-Header.h */ = {isa = PBXFileReference; lastKnownFileType = sourcecode.c.h; path = "rottenTomatoes-Bridging-Header.h"; sourceTree = "<group>"; };
		630E2C7C1AE3298A0026EB08 /* MovieDetailsViewController.swift */ = {isa = PBXFileReference; fileEncoding = 4; lastKnownFileType = sourcecode.swift; path = MovieDetailsViewController.swift; sourceTree = "<group>"; };
		636E46801AE30C32004FBA42 /* rottenTomatoes.app */ = {isa = PBXFileReference; explicitFileType = wrapper.application; includeInIndex = 0; path = rottenTomatoes.app; sourceTree = BUILT_PRODUCTS_DIR; };
		636E46841AE30C32004FBA42 /* Info.plist */ = {isa = PBXFileReference; lastKnownFileType = text.plist.xml; path = Info.plist; sourceTree = "<group>"; };
		636E46851AE30C32004FBA42 /* AppDelegate.swift */ = {isa = PBXFileReference; lastKnownFileType = sourcecode.swift; path = AppDelegate.swift; sourceTree = "<group>"; };
		636E468A1AE30C32004FBA42 /* Base */ = {isa = PBXFileReference; lastKnownFileType = file.storyboard; name = Base; path = Base.lproj/Main.storyboard; sourceTree = "<group>"; };
		636E468C1AE30C32004FBA42 /* Images.xcassets */ = {isa = PBXFileReference; lastKnownFileType = folder.assetcatalog; path = Images.xcassets; sourceTree = "<group>"; };
		636E468F1AE30C32004FBA42 /* Base */ = {isa = PBXFileReference; lastKnownFileType = file.xib; name = Base; path = Base.lproj/LaunchScreen.xib; sourceTree = "<group>"; };
		636E46951AE30C32004FBA42 /* rottenTomatoesTests.xctest */ = {isa = PBXFileReference; explicitFileType = wrapper.cfbundle; includeInIndex = 0; path = rottenTomatoesTests.xctest; sourceTree = BUILT_PRODUCTS_DIR; };
		636E469A1AE30C32004FBA42 /* Info.plist */ = {isa = PBXFileReference; lastKnownFileType = text.plist.xml; path = Info.plist; sourceTree = "<group>"; };
		636E469B1AE30C32004FBA42 /* rottenTomatoesTests.swift */ = {isa = PBXFileReference; lastKnownFileType = sourcecode.swift; path = rottenTomatoesTests.swift; sourceTree = "<group>"; };
		636E46A51AE30CA4004FBA42 /* MoviesViewController.swift */ = {isa = PBXFileReference; fileEncoding = 4; lastKnownFileType = sourcecode.swift; name = MoviesViewController.swift; path = "View Controllers/MoviesViewController.swift"; sourceTree = "<group>"; };
		636E46A91AE31B78004FBA42 /* MovieCell.swift */ = {isa = PBXFileReference; fileEncoding = 4; lastKnownFileType = sourcecode.swift; path = MovieCell.swift; sourceTree = "<group>"; };
		8BA1CDDE9980DCF1F20B3498 /* libPods-rottenTomatoes.a */ = {isa = PBXFileReference; explicitFileType = archive.ar; includeInIndex = 0; path = "libPods-rottenTomatoes.a"; sourceTree = BUILT_PRODUCTS_DIR; };
		8E1E0F55858EA2E2FC978DEE /* Pods-rottenTomatoes.debug.xcconfig */ = {isa = PBXFileReference; includeInIndex = 1; lastKnownFileType = text.xcconfig; name = "Pods-rottenTomatoes.debug.xcconfig"; path = "Pods/Target Support Files/Pods-rottenTomatoes/Pods-rottenTomatoes.debug.xcconfig"; sourceTree = "<group>"; };
		CEAE939480C3B1FDF24D2439 /* Pods-rottenTomatoes.release.xcconfig */ = {isa = PBXFileReference; includeInIndex = 1; lastKnownFileType = text.xcconfig; name = "Pods-rottenTomatoes.release.xcconfig"; path = "Pods/Target Support Files/Pods-rottenTomatoes/Pods-rottenTomatoes.release.xcconfig"; sourceTree = "<group>"; };
/* End PBXFileReference section */

/* Begin PBXFrameworksBuildPhase section */
		636E467D1AE30C32004FBA42 /* Frameworks */ = {
			isa = PBXFrameworksBuildPhase;
			buildActionMask = 2147483647;
			files = (
				B5ADAA2070903A30C5A0EB4D /* libPods-rottenTomatoes.a in Frameworks */,
			);
			runOnlyForDeploymentPostprocessing = 0;
		};
		636E46921AE30C32004FBA42 /* Frameworks */ = {
			isa = PBXFrameworksBuildPhase;
			buildActionMask = 2147483647;
			files = (
			);
			runOnlyForDeploymentPostprocessing = 0;
		};
/* End PBXFrameworksBuildPhase section */

/* Begin PBXGroup section */
		437F5137BC6131C6A6964F15 /* Frameworks */ = {
			isa = PBXGroup;
			children = (
				8BA1CDDE9980DCF1F20B3498 /* libPods-rottenTomatoes.a */,
			);
			name = Frameworks;
			sourceTree = "<group>";
		};
		5ECFF887A85E6819ABACA914 /* Pods */ = {
			isa = PBXGroup;
			children = (
				8E1E0F55858EA2E2FC978DEE /* Pods-rottenTomatoes.debug.xcconfig */,
				CEAE939480C3B1FDF24D2439 /* Pods-rottenTomatoes.release.xcconfig */,
			);
			name = Pods;
			sourceTree = "<group>";
		};
		636E46771AE30C32004FBA42 = {
			isa = PBXGroup;
			children = (
				636E46821AE30C32004FBA42 /* rottenTomatoes */,
				636E46981AE30C32004FBA42 /* rottenTomatoesTests */,
				636E46811AE30C32004FBA42 /* Products */,
				5ECFF887A85E6819ABACA914 /* Pods */,
				437F5137BC6131C6A6964F15 /* Frameworks */,
			);
			sourceTree = "<group>";
		};
		636E46811AE30C32004FBA42 /* Products */ = {
			isa = PBXGroup;
			children = (
				636E46801AE30C32004FBA42 /* rottenTomatoes.app */,
				636E46951AE30C32004FBA42 /* rottenTomatoesTests.xctest */,
			);
			name = Products;
			sourceTree = "<group>";
		};
		636E46821AE30C32004FBA42 /* rottenTomatoes */ = {
			isa = PBXGroup;
			children = (
				636E46851AE30C32004FBA42 /* AppDelegate.swift */,
				636E46891AE30C32004FBA42 /* Main.storyboard */,
				636E46A81AE31B53004FBA42 /* Views */,
				636E46A71AE30CB7004FBA42 /* View Controllers */,
				636E468C1AE30C32004FBA42 /* Images.xcassets */,
				636E468E1AE30C32004FBA42 /* LaunchScreen.xib */,
				636E46831AE30C32004FBA42 /* Supporting Files */,
				630E2C791AE324990026EB08 /* rottenTomatoes-Bridging-Header.h */,
			);
			path = rottenTomatoes;
			sourceTree = "<group>";
		};
		636E46831AE30C32004FBA42 /* Supporting Files */ = {
			isa = PBXGroup;
			children = (
				636E46841AE30C32004FBA42 /* Info.plist */,
			);
			name = "Supporting Files";
			sourceTree = "<group>";
		};
		636E46981AE30C32004FBA42 /* rottenTomatoesTests */ = {
			isa = PBXGroup;
			children = (
				636E469B1AE30C32004FBA42 /* rottenTomatoesTests.swift */,
				636E46991AE30C32004FBA42 /* Supporting Files */,
			);
			path = rottenTomatoesTests;
			sourceTree = "<group>";
		};
		636E46991AE30C32004FBA42 /* Supporting Files */ = {
			isa = PBXGroup;
			children = (
				636E469A1AE30C32004FBA42 /* Info.plist */,
			);
			name = "Supporting Files";
			sourceTree = "<group>";
		};
		636E46A71AE30CB7004FBA42 /* View Controllers */ = {
			isa = PBXGroup;
			children = (
				636E46A51AE30CA4004FBA42 /* MoviesViewController.swift */,
				630E2C7C1AE3298A0026EB08 /* MovieDetailsViewController.swift */,
			);
			name = "View Controllers";
			sourceTree = "<group>";
		};
		636E46A81AE31B53004FBA42 /* Views */ = {
			isa = PBXGroup;
			children = (
				636E46A91AE31B78004FBA42 /* MovieCell.swift */,
			);
			name = Views;
			sourceTree = "<group>";
		};
/* End PBXGroup section */

/* Begin PBXNativeTarget section */
		636E467F1AE30C32004FBA42 /* rottenTomatoes */ = {
			isa = PBXNativeTarget;
			buildConfigurationList = 636E469F1AE30C32004FBA42 /* Build configuration list for PBXNativeTarget "rottenTomatoes" */;
			buildPhases = (
				0177506C6225102C570F5EAC /* Check Pods Manifest.lock */,
				636E467C1AE30C32004FBA42 /* Sources */,
				636E467D1AE30C32004FBA42 /* Frameworks */,
				636E467E1AE30C32004FBA42 /* Resources */,
				10E8794FDC9E25DE91E0344A /* Copy Pods Resources */,
			);
			buildRules = (
			);
			dependencies = (
			);
			name = rottenTomatoes;
			productName = rottenTomatoes;
			productReference = 636E46801AE30C32004FBA42 /* rottenTomatoes.app */;
			productType = "com.apple.product-type.application";
		};
		636E46941AE30C32004FBA42 /* rottenTomatoesTests */ = {
			isa = PBXNativeTarget;
			buildConfigurationList = 636E46A21AE30C32004FBA42 /* Build configuration list for PBXNativeTarget "rottenTomatoesTests" */;
			buildPhases = (
				636E46911AE30C32004FBA42 /* Sources */,
				636E46921AE30C32004FBA42 /* Frameworks */,
				636E46931AE30C32004FBA42 /* Resources */,
			);
			buildRules = (
			);
			dependencies = (
				636E46971AE30C32004FBA42 /* PBXTargetDependency */,
			);
			name = rottenTomatoesTests;
			productName = rottenTomatoesTests;
			productReference = 636E46951AE30C32004FBA42 /* rottenTomatoesTests.xctest */;
			productType = "com.apple.product-type.bundle.unit-test";
		};
/* End PBXNativeTarget section */

/* Begin PBXProject section */
		636E46781AE30C32004FBA42 /* Project object */ = {
			isa = PBXProject;
			attributes = {
				LastUpgradeCheck = 0630;
				ORGANIZATIONNAME = "David Lundgren";
				TargetAttributes = {
					636E467F1AE30C32004FBA42 = {
						CreatedOnToolsVersion = 6.3;
					};
					636E46941AE30C32004FBA42 = {
						CreatedOnToolsVersion = 6.3;
						TestTargetID = 636E467F1AE30C32004FBA42;
					};
				};
			};
			buildConfigurationList = 636E467B1AE30C32004FBA42 /* Build configuration list for PBXProject "rottenTomatoes" */;
			compatibilityVersion = "Xcode 3.2";
			developmentRegion = English;
			hasScannedForEncodings = 0;
			knownRegions = (
				en,
				Base,
			);
			mainGroup = 636E46771AE30C32004FBA42;
			productRefGroup = 636E46811AE30C32004FBA42 /* Products */;
			projectDirPath = "";
			projectRoot = "";
			targets = (
				636E467F1AE30C32004FBA42 /* rottenTomatoes */,
				636E46941AE30C32004FBA42 /* rottenTomatoesTests */,
			);
		};
/* End PBXProject section */

/* Begin PBXResourcesBuildPhase section */
		636E467E1AE30C32004FBA42 /* Resources */ = {
			isa = PBXResourcesBuildPhase;
			buildActionMask = 2147483647;
			files = (
				636E468B1AE30C32004FBA42 /* Main.storyboard in Resources */,
				636E46901AE30C32004FBA42 /* LaunchScreen.xib in Resources */,
				636E468D1AE30C32004FBA42 /* Images.xcassets in Resources */,
			);
			runOnlyForDeploymentPostprocessing = 0;
		};
		636E46931AE30C32004FBA42 /* Resources */ = {
			isa = PBXResourcesBuildPhase;
			buildActionMask = 2147483647;
			files = (
			);
			runOnlyForDeploymentPostprocessing = 0;
		};
/* End PBXResourcesBuildPhase section */

/* Begin PBXShellScriptBuildPhase section */
		0177506C6225102C570F5EAC /* Check Pods Manifest.lock */ = {
			isa = PBXShellScriptBuildPhase;
			buildActionMask = 2147483647;
			files = (
			);
			inputPaths = (
			);
			name = "Check Pods Manifest.lock";
			outputPaths = (
			);
			runOnlyForDeploymentPostprocessing = 0;
			shellPath = /bin/sh;
			shellScript = "diff \"${PODS_ROOT}/../Podfile.lock\" \"${PODS_ROOT}/Manifest.lock\" > /dev/null\nif [[ $? != 0 ]] ; then\n    cat << EOM\nerror: The sandbox is not in sync with the Podfile.lock. Run 'pod install' or update your CocoaPods installation.\nEOM\n    exit 1\nfi\n";
			showEnvVarsInLog = 0;
		};
		10E8794FDC9E25DE91E0344A /* Copy Pods Resources */ = {
			isa = PBXShellScriptBuildPhase;
			buildActionMask = 2147483647;
			files = (
			);
			inputPaths = (
			);
			name = "Copy Pods Resources";
			outputPaths = (
			);
			runOnlyForDeploymentPostprocessing = 0;
			shellPath = /bin/sh;
			shellScript = "\"${SRCROOT}/Pods/Target Support Files/Pods-rottenTomatoes/Pods-rottenTomatoes-resources.sh\"\n";
			showEnvVarsInLog = 0;
		};
/* End PBXShellScriptBuildPhase section */

/* Begin PBXSourcesBuildPhase section */
		636E467C1AE30C32004FBA42 /* Sources */ = {
			isa = PBXSourcesBuildPhase;
			buildActionMask = 2147483647;
			files = (
				630E2C7D1AE3298A0026EB08 /* MovieDetailsViewController.swift in Sources */,
				636E46861AE30C32004FBA42 /* AppDelegate.swift in Sources */,
				636E46A61AE30CA4004FBA42 /* MoviesViewController.swift in Sources */,
				636E46AA1AE31B78004FBA42 /* MovieCell.swift in Sources */,
			);
			runOnlyForDeploymentPostprocessing = 0;
		};
		636E46911AE30C32004FBA42 /* Sources */ = {
			isa = PBXSourcesBuildPhase;
			buildActionMask = 2147483647;
			files = (
				636E469C1AE30C32004FBA42 /* rottenTomatoesTests.swift in Sources */,
			);
			runOnlyForDeploymentPostprocessing = 0;
		};
/* End PBXSourcesBuildPhase section */

/* Begin PBXTargetDependency section */
		636E46971AE30C32004FBA42 /* PBXTargetDependency */ = {
			isa = PBXTargetDependency;
			target = 636E467F1AE30C32004FBA42 /* rottenTomatoes */;
			targetProxy = 636E46961AE30C32004FBA42 /* PBXContainerItemProxy */;
		};
/* End PBXTargetDependency section */

/* Begin PBXVariantGroup section */
		636E46891AE30C32004FBA42 /* Main.storyboard */ = {
			isa = PBXVariantGroup;
			children = (
				636E468A1AE30C32004FBA42 /* Base */,
			);
			name = Main.storyboard;
			sourceTree = "<group>";
		};
		636E468E1AE30C32004FBA42 /* LaunchScreen.xib */ = {
			isa = PBXVariantGroup;
			children = (
				636E468F1AE30C32004FBA42 /* Base */,
			);
			name = LaunchScreen.xib;
			sourceTree = "<group>";
		};
/* End PBXVariantGroup section */

/* Begin XCBuildConfiguration section */
		636E469D1AE30C32004FBA42 /* Debug */ = {
			isa = XCBuildConfiguration;
			buildSettings = {
				ALWAYS_SEARCH_USER_PATHS = NO;
				CLANG_CXX_LANGUAGE_STANDARD = "gnu++0x";
				CLANG_CXX_LIBRARY = "libc++";
				CLANG_ENABLE_MODULES = YES;
				CLANG_ENABLE_OBJC_ARC = YES;
				CLANG_WARN_BOOL_CONVERSION = YES;
				CLANG_WARN_CONSTANT_CONVERSION = YES;
				CLANG_WARN_DIRECT_OBJC_ISA_USAGE = YES_ERROR;
				CLANG_WARN_EMPTY_BODY = YES;
				CLANG_WARN_ENUM_CONVERSION = YES;
				CLANG_WARN_INT_CONVERSION = YES;
				CLANG_WARN_OBJC_ROOT_CLASS = YES_ERROR;
				CLANG_WARN_UNREACHABLE_CODE = YES;
				CLANG_WARN__DUPLICATE_METHOD_MATCH = YES;
				"CODE_SIGN_IDENTITY[sdk=iphoneos*]" = "iPhone Developer";
				COPY_PHASE_STRIP = NO;
				DEBUG_INFORMATION_FORMAT = "dwarf-with-dsym";
				ENABLE_STRICT_OBJC_MSGSEND = YES;
				GCC_C_LANGUAGE_STANDARD = gnu99;
				GCC_DYNAMIC_NO_PIC = NO;
				GCC_NO_COMMON_BLOCKS = YES;
				GCC_OPTIMIZATION_LEVEL = 0;
				GCC_PREPROCESSOR_DEFINITIONS = (
					"DEBUG=1",
					"$(inherited)",
				);
				GCC_SYMBOLS_PRIVATE_EXTERN = NO;
				GCC_WARN_64_TO_32_BIT_CONVERSION = YES;
				GCC_WARN_ABOUT_RETURN_TYPE = YES_ERROR;
				GCC_WARN_UNDECLARED_SELECTOR = YES;
				GCC_WARN_UNINITIALIZED_AUTOS = YES_AGGRESSIVE;
				GCC_WARN_UNUSED_FUNCTION = YES;
				GCC_WARN_UNUSED_VARIABLE = YES;
				IPHONEOS_DEPLOYMENT_TARGET = 8.3;
				MTL_ENABLE_DEBUG_INFO = YES;
				ONLY_ACTIVE_ARCH = YES;
				SDKROOT = iphoneos;
				SWIFT_OPTIMIZATION_LEVEL = "-Onone";
			};
			name = Debug;
		};
		636E469E1AE30C32004FBA42 /* Release */ = {
			isa = XCBuildConfiguration;
			buildSettings = {
				ALWAYS_SEARCH_USER_PATHS = NO;
				CLANG_CXX_LANGUAGE_STANDARD = "gnu++0x";
				CLANG_CXX_LIBRARY = "libc++";
				CLANG_ENABLE_MODULES = YES;
				CLANG_ENABLE_OBJC_ARC = YES;
				CLANG_WARN_BOOL_CONVERSION = YES;
				CLANG_WARN_CONSTANT_CONVERSION = YES;
				CLANG_WARN_DIRECT_OBJC_ISA_USAGE = YES_ERROR;
				CLANG_WARN_EMPTY_BODY = YES;
				CLANG_WARN_ENUM_CONVERSION = YES;
				CLANG_WARN_INT_CONVERSION = YES;
				CLANG_WARN_OBJC_ROOT_CLASS = YES_ERROR;
				CLANG_WARN_UNREACHABLE_CODE = YES;
				CLANG_WARN__DUPLICATE_METHOD_MATCH = YES;
				"CODE_SIGN_IDENTITY[sdk=iphoneos*]" = "iPhone Developer";
				COPY_PHASE_STRIP = NO;
				DEBUG_INFORMATION_FORMAT = "dwarf-with-dsym";
				ENABLE_NS_ASSERTIONS = NO;
				ENABLE_STRICT_OBJC_MSGSEND = YES;
				GCC_C_LANGUAGE_STANDARD = gnu99;
				GCC_NO_COMMON_BLOCKS = YES;
				GCC_WARN_64_TO_32_BIT_CONVERSION = YES;
				GCC_WARN_ABOUT_RETURN_TYPE = YES_ERROR;
				GCC_WARN_UNDECLARED_SELECTOR = YES;
				GCC_WARN_UNINITIALIZED_AUTOS = YES_AGGRESSIVE;
				GCC_WARN_UNUSED_FUNCTION = YES;
				GCC_WARN_UNUSED_VARIABLE = YES;
				IPHONEOS_DEPLOYMENT_TARGET = 8.3;
				MTL_ENABLE_DEBUG_INFO = NO;
				SDKROOT = iphoneos;
				VALIDATE_PRODUCT = YES;
			};
			name = Release;
		};
		636E46A01AE30C32004FBA42 /* Debug */ = {
			isa = XCBuildConfiguration;
			baseConfigurationReference = 8E1E0F55858EA2E2FC978DEE /* Pods-rottenTomatoes.debug.xcconfig */;
			buildSettings = {
				ASSETCATALOG_COMPILER_APPICON_NAME = AppIcon;
				CLANG_ENABLE_MODULES = YES;
				INFOPLIST_FILE = rottenTomatoes/Info.plist;
				LD_RUNPATH_SEARCH_PATHS = "$(inherited) @executable_path/Frameworks";
				PRODUCT_NAME = "$(TARGET_NAME)";
				SWIFT_OBJC_BRIDGING_HEADER = "rottenTomatoes/rottenTomatoes-Bridging-Header.h";
				SWIFT_OPTIMIZATION_LEVEL = "-Onone";
			};
			name = Debug;
		};
		636E46A11AE30C32004FBA42 /* Release */ = {
			isa = XCBuildConfiguration;
			baseConfigurationReference = CEAE939480C3B1FDF24D2439 /* Pods-rottenTomatoes.release.xcconfig */;
			buildSettings = {
				ASSETCATALOG_COMPILER_APPICON_NAME = AppIcon;
				CLANG_ENABLE_MODULES = YES;
				INFOPLIST_FILE = rottenTomatoes/Info.plist;
				LD_RUNPATH_SEARCH_PATHS = "$(inherited) @executable_path/Frameworks";
				PRODUCT_NAME = "$(TARGET_NAME)";
				SWIFT_OBJC_BRIDGING_HEADER = "rottenTomatoes/rottenTomatoes-Bridging-Header.h";
			};
			name = Release;
		};
		636E46A31AE30C32004FBA42 /* Debug */ = {
			isa = XCBuildConfiguration;
			buildSettings = {
				BUNDLE_LOADER = "$(TEST_HOST)";
				FRAMEWORK_SEARCH_PATHS = (
					"$(SDKROOT)/Developer/Library/Frameworks",
					"$(inherited)",
				);
				GCC_PREPROCESSOR_DEFINITIONS = (
					"DEBUG=1",
					"$(inherited)",
				);
				INFOPLIST_FILE = rottenTomatoesTests/Info.plist;
				LD_RUNPATH_SEARCH_PATHS = "$(inherited) @executable_path/Frameworks @loader_path/Frameworks";
				PRODUCT_NAME = "$(TARGET_NAME)";
				TEST_HOST = "$(BUILT_PRODUCTS_DIR)/rottenTomatoes.app/rottenTomatoes";
			};
			name = Debug;
		};
		636E46A41AE30C32004FBA42 /* Release */ = {
			isa = XCBuildConfiguration;
			buildSettings = {
				BUNDLE_LOADER = "$(TEST_HOST)";
				FRAMEWORK_SEARCH_PATHS = (
					"$(SDKROOT)/Developer/Library/Frameworks",
					"$(inherited)",
				);
				INFOPLIST_FILE = rottenTomatoesTests/Info.plist;
				LD_RUNPATH_SEARCH_PATHS = "$(inherited) @executable_path/Frameworks @loader_path/Frameworks";
				PRODUCT_NAME = "$(TARGET_NAME)";
				TEST_HOST = "$(BUILT_PRODUCTS_DIR)/rottenTomatoes.app/rottenTomatoes";
			};
			name = Release;
		};
/* End XCBuildConfiguration section */

/* Begin XCConfigurationList section */
		636E467B1AE30C32004FBA42 /* Build configuration list for PBXProject "rottenTomatoes" */ = {
			isa = XCConfigurationList;
			buildConfigurations = (
				636E469D1AE30C32004FBA42 /* Debug */,
				636E469E1AE30C32004FBA42 /* Release */,
			);
			defaultConfigurationIsVisible = 0;
			defaultConfigurationName = Release;
		};
		636E469F1AE30C32004FBA42 /* Build configuration list for PBXNativeTarget "rottenTomatoes" */ = {
			isa = XCConfigurationList;
			buildConfigurations = (
				636E46A01AE30C32004FBA42 /* Debug */,
				636E46A11AE30C32004FBA42 /* Release */,
			);
			defaultConfigurationIsVisible = 0;
			defaultConfigurationName = Release;
		};
		636E46A21AE30C32004FBA42 /* Build configuration list for PBXNativeTarget "rottenTomatoesTests" */ = {
			isa = XCConfigurationList;
			buildConfigurations = (
				636E46A31AE30C32004FBA42 /* Debug */,
				636E46A41AE30C32004FBA42 /* Release */,
			);
			defaultConfigurationIsVisible = 0;
			defaultConfigurationName = Release;
		};
/* End XCConfigurationList section */
	};
	rootObject = 636E46781AE30C32004FBA42 /* Project object */;
}
